
Microsoft Visual Studio Solution File, Format Version 12.00
# Visual Studio Version 16
VisualStudioVersion = 16.0.31402.337
MinimumVisualStudioVersion = 10.0.40219.1
Project("{FAE04EC0-301F-11D3-BF4B-00C04F79EFBC}") = "MaximumNumber", "MaximumNumber\MaximumNumber.csproj", "{64994899-C32C-4185-91F8-DF9351284871}"
EndProject
Project("{FAE04EC0-301F-11D3-BF4B-00C04F79EFBC}") = "MaximumNumberTest", "MaximumNumberTest\MaximumNumberTest.csproj", "{C291D5E0-B4C5-4769-A7FD-939A43340C9B}"
EndProject
Global
	GlobalSection(SolutionConfigurationPlatforms) = preSolution
		Debug|Any CPU = Debug|Any CPU
		Release|Any CPU = Release|Any CPU
	EndGlobalSection
	GlobalSection(ProjectConfigurationPlatforms) = postSolution
		{64994899-C32C-4185-91F8-DF9351284871}.Debug|Any CPU.ActiveCfg = Debug|Any CPU
		{64994899-C32C-4185-91F8-DF9351284871}.Debug|Any CPU.Build.0 = Debug|Any CPU
		{64994899-C32C-4185-91F8-DF9351284871}.Release|Any CPU.ActiveCfg = Release|Any CPU
		{64994899-C32C-4185-91F8-DF9351284871}.Release|Any CPU.Build.0 = Release|Any CPU
		{C291D5E0-B4C5-4769-A7FD-939A43340C9B}.Debug|Any CPU.ActiveCfg = Debug|Any CPU
		{C291D5E0-B4C5-4769-A7FD-939A43340C9B}.Debug|Any CPU.Build.0 = Debug|Any CPU
		{C291D5E0-B4C5-4769-A7FD-939A43340C9B}.Release|Any CPU.ActiveCfg = Release|Any CPU
		{C291D5E0-B4C5-4769-A7FD-939A43340C9B}.Release|Any CPU.Build.0 = Release|Any CPU
	EndGlobalSection
	GlobalSection(SolutionProperties) = preSolution
		HideSolutionNode = FALSE
	EndGlobalSection
	GlobalSection(ExtensibilityGlobals) = postSolution
		SolutionGuid = {484C33AB-032B-4586-83DA-DB7D02217DAC}
	EndGlobalSection
EndGlobal
